
Microsoft Visual Studio Solution File, Format Version 12.00
# Visual Studio Version 16
VisualStudioVersion = 16.0.30413.136
MinimumVisualStudioVersion = 10.0.40219.1
Project("{FAE04EC0-301F-11D3-BF4B-00C04F79EFBC}") = "Student", "Student\Student.csproj", "{4A6A7723-D0AE-4BAE-9C5C-B119EC31840D}"
EndProject
Global
	GlobalSection(SolutionConfigurationPlatforms) = preSolution
		Debug|Any CPU = Debug|Any CPU
		Release|Any CPU = Release|Any CPU
	EndGlobalSection
	GlobalSection(ProjectConfigurationPlatforms) = postSolution
		{4A6A7723-D0AE-4BAE-9C5C-B119EC31840D}.Debug|Any CPU.ActiveCfg = Debug|Any CPU
		{4A6A7723-D0AE-4BAE-9C5C-B119EC31840D}.Debug|Any CPU.Build.0 = Debug|Any CPU
		{4A6A7723-D0AE-4BAE-9C5C-B119EC31840D}.Release|Any CPU.ActiveCfg = Release|Any CPU
		{4A6A7723-D0AE-4BAE-9C5C-B119EC31840D}.Release|Any CPU.Build.0 = Release|Any CPU
	EndGlobalSection
	GlobalSection(SolutionProperties) = preSolution
		HideSolutionNode = FALSE
	EndGlobalSection
	GlobalSection(ExtensibilityGlobals) = postSolution
		SolutionGuid = {A16C2E04-EC31-449E-BCE1-021C480DE5C5}
	EndGlobalSection
EndGlobal
